
Microsoft Visual Studio Solution File, Format Version 12.00
# Visual Studio Version 17
VisualStudioVersion = 17.3.32505.426
MinimumVisualStudioVersion = 10.0.40219.1
Project("{FAE04EC0-301F-11D3-BF4B-00C04F79EFBC}") = "RmsNOW", "RmsNOW\RmsNOW.csproj", "{4A5DADAE-A12E-407F-9AA1-18D1D68BC70E}"
EndProject
Global
	GlobalSection(SolutionConfigurationPlatforms) = preSolution
		Debug|Any CPU = Debug|Any CPU
		Release|Any CPU = Release|Any CPU
	EndGlobalSection
	GlobalSection(ProjectConfigurationPlatforms) = postSolution
		{4A5DADAE-A12E-407F-9AA1-18D1D68BC70E}.Debug|Any CPU.ActiveCfg = Debug|Any CPU
		{4A5DADAE-A12E-407F-9AA1-18D1D68BC70E}.Debug|Any CPU.Build.0 = Debug|Any CPU
		{4A5DADAE-A12E-407F-9AA1-18D1D68BC70E}.Release|Any CPU.ActiveCfg = Release|Any CPU
		{4A5DADAE-A12E-407F-9AA1-18D1D68BC70E}.Release|Any CPU.Build.0 = Release|Any CPU
	EndGlobalSection
	GlobalSection(SolutionProperties) = preSolution
		HideSolutionNode = FALSE
	EndGlobalSection
	GlobalSection(ExtensibilityGlobals) = postSolution
		SolutionGuid = {95E33B89-D260-4731-8B7A-284EBF424982}
	EndGlobalSection
EndGlobal
